
Microsoft Visual Studio Solution File, Format Version 12.00
# Visual Studio 15
VisualStudioVersion = 15.0.28010.2019
MinimumVisualStudioVersion = 10.0.40219.1
Project("{FAE04EC0-301F-11D3-BF4B-00C04F79EFBC}") = "OSCA", "OSCA\OSCA.csproj", "{3BA89359-A619-4C70-AA45-9FF6C3203855}"
EndProject
Project("{FAE04EC0-301F-11D3-BF4B-00C04F79EFBC}") = "OSCAmmc", "OSCAmmc\OSCAmmc.csproj", "{DAFD3D7B-4769-49AE-9A41-36A470CA4DED}"
EndProject
Project("{FAE04EC0-301F-11D3-BF4B-00C04F79EFBC}") = "OSCATests", "OSCAunitTest\OSCATests.csproj", "{01284442-3166-4FC7-99ED-E44D6EB21ABB}"
EndProject
Project("{2150E333-8FDC-42A3-9474-1A3956D46DE8}") = "Solution Items", "Solution Items", "{D9B910CC-4DC7-49A4-9FA1-D0BD72ECCEBD}"
	ProjectSection(SolutionItems) = preProject
		License.txt = License.txt
		Local.testsettings = Local.testsettings
		..\..\..\..\Desktop\OfflineSimpleCA.vsd = ..\..\..\..\Desktop\OfflineSimpleCA.vsd
		OfflineSimpleCA\OfflineSimpleCA.vsd = OfflineSimpleCA\OfflineSimpleCA.vsd
		OfflineSimpleCA.vsd = OfflineSimpleCA.vsd
		OfflineSimpleCA.vsmdi = OfflineSimpleCA.vsmdi
		OSCA 2.0 Release notes.txt = OSCA 2.0 Release notes.txt
		TraceAndTestImpact.testsettings = TraceAndTestImpact.testsettings
	EndProjectSection
EndProject
Project("{FAE04EC0-301F-11D3-BF4B-00C04F79EFBC}") = "crypto", "..\BC-Crypto\crypto\crypto.csproj", "{38872A5F-E87E-4FAD-B109-8EB7B2E6A4A0}"
EndProject
Global
	GlobalSection(SolutionConfigurationPlatforms) = preSolution
		CD_ROM|Any CPU = CD_ROM|Any CPU
		CD_ROM|Mixed Platforms = CD_ROM|Mixed Platforms
		CD_ROM|Win32 = CD_ROM|Win32
		CD_ROM|x64 = CD_ROM|x64
		CD_ROM|x86 = CD_ROM|x86
		Debug|Any CPU = Debug|Any CPU
		Debug|Mixed Platforms = Debug|Mixed Platforms
		Debug|Win32 = Debug|Win32
		Debug|x64 = Debug|x64
		Debug|x86 = Debug|x86
		DVD-5|Any CPU = DVD-5|Any CPU
		DVD-5|Mixed Platforms = DVD-5|Mixed Platforms
		DVD-5|Win32 = DVD-5|Win32
		DVD-5|x64 = DVD-5|x64
		DVD-5|x86 = DVD-5|x86
		Release|Any CPU = Release|Any CPU
		Release|Mixed Platforms = Release|Mixed Platforms
		Release|Win32 = Release|Win32
		Release|x64 = Release|x64
		Release|x86 = Release|x86
		SingleImage|Any CPU = SingleImage|Any CPU
		SingleImage|Mixed Platforms = SingleImage|Mixed Platforms
		SingleImage|Win32 = SingleImage|Win32
		SingleImage|x64 = SingleImage|x64
		SingleImage|x86 = SingleImage|x86
	EndGlobalSection
	GlobalSection(ProjectConfigurationPlatforms) = postSolution
		{3BA89359-A619-4C70-AA45-9FF6C3203855}.CD_ROM|Any CPU.ActiveCfg = Release|Any CPU
		{3BA89359-A619-4C70-AA45-9FF6C3203855}.CD_ROM|Any CPU.Build.0 = Release|Any CPU
		{3BA89359-A619-4C70-AA45-9FF6C3203855}.CD_ROM|Mixed Platforms.ActiveCfg = Release|Any CPU
		{3BA89359-A619-4C70-AA45-9FF6C3203855}.CD_ROM|Mixed Platforms.Build.0 = Release|Any CPU
		{3BA89359-A619-4C70-AA45-9FF6C3203855}.CD_ROM|Win32.ActiveCfg = Release|Any CPU
		{3BA89359-A619-4C70-AA45-9FF6C3203855}.CD_ROM|x64.ActiveCfg = Release|x64
		{3BA89359-A619-4C70-AA45-9FF6C3203855}.CD_ROM|x64.Build.0 = Release|x64
		{3BA89359-A619-4C70-AA45-9FF6C3203855}.CD_ROM|x86.ActiveCfg = Release|Any CPU
		{3BA89359-A619-4C70-AA45-9FF6C3203855}.Debug|Any CPU.ActiveCfg = Debug|Any CPU
		{3BA89359-A619-4C70-AA45-9FF6C3203855}.Debug|Any CPU.Build.0 = Debug|Any CPU
		{3BA89359-A619-4C70-AA45-9FF6C3203855}.Debug|Mixed Platforms.ActiveCfg = Debug|Any CPU
		{3BA89359-A619-4C70-AA45-9FF6C3203855}.Debug|Mixed Platforms.Build.0 = Debug|Any CPU
		{3BA89359-A619-4C70-AA45-9FF6C3203855}.Debug|Win32.ActiveCfg = Debug|Any CPU
		{3BA89359-A619-4C70-AA45-9FF6C3203855}.Debug|x64.ActiveCfg = Debug|x64
		{3BA89359-A619-4C70-AA45-9FF6C3203855}.Debug|x64.Build.0 = Debug|x64
		{3BA89359-A619-4C70-AA45-9FF6C3203855}.Debug|x86.ActiveCfg = Debug|Any CPU
		{3BA89359-A619-4C70-AA45-9FF6C3203855}.DVD-5|Any CPU.ActiveCfg = Debug|Any CPU
		{3BA89359-A619-4C70-AA45-9FF6C3203855}.DVD-5|Any CPU.Build.0 = Debug|Any CPU
		{3BA89359-A619-4C70-AA45-9FF6C3203855}.DVD-5|Mixed Platforms.ActiveCfg = Debug|Any CPU
		{3BA89359-A619-4C70-AA45-9FF6C3203855}.DVD-5|Mixed Platforms.Build.0 = Debug|Any CPU
		{3BA89359-A619-4C70-AA45-9FF6C3203855}.DVD-5|Win32.ActiveCfg = Debug|Any CPU
		{3BA89359-A619-4C70-AA45-9FF6C3203855}.DVD-5|x64.ActiveCfg = Debug|x64
		{3BA89359-A619-4C70-AA45-9FF6C3203855}.DVD-5|x64.Build.0 = Debug|x64
		{3BA89359-A619-4C70-AA45-9FF6C3203855}.DVD-5|x86.ActiveCfg = Debug|Any CPU
		{3BA89359-A619-4C70-AA45-9FF6C3203855}.Release|Any CPU.ActiveCfg = Release|Any CPU
		{3BA89359-A619-4C70-AA45-9FF6C3203855}.Release|Any CPU.Build.0 = Release|Any CPU
		{3BA89359-A619-4C70-AA45-9FF6C3203855}.Release|Mixed Platforms.ActiveCfg = Release|Any CPU
		{3BA89359-A619-4C70-AA45-9FF6C3203855}.Release|Mixed Platforms.Build.0 = Release|Any CPU
		{3BA89359-A619-4C70-AA45-9FF6C3203855}.Release|Win32.ActiveCfg = Release|Any CPU
		{3BA89359-A619-4C70-AA45-9FF6C3203855}.Release|x64.ActiveCfg = Release|x64
		{3BA89359-A619-4C70-AA45-9FF6C3203855}.Release|x64.Build.0 = Release|x64
		{3BA89359-A619-4C70-AA45-9FF6C3203855}.Release|x86.ActiveCfg = Release|Any CPU
		{3BA89359-A619-4C70-AA45-9FF6C3203855}.SingleImage|Any CPU.ActiveCfg = Release|Any CPU
		{3BA89359-A619-4C70-AA45-9FF6C3203855}.SingleImage|Any CPU.Build.0 = Release|Any CPU
		{3BA89359-A619-4C70-AA45-9FF6C3203855}.SingleImage|Mixed Platforms.ActiveCfg = Release|Any CPU
		{3BA89359-A619-4C70-AA45-9FF6C3203855}.SingleImage|Mixed Platforms.Build.0 = Release|Any CPU
		{3BA89359-A619-4C70-AA45-9FF6C3203855}.SingleImage|Win32.ActiveCfg = Release|Any CPU
		{3BA89359-A619-4C70-AA45-9FF6C3203855}.SingleImage|x64.ActiveCfg = Release|x64
		{3BA89359-A619-4C70-AA45-9FF6C3203855}.SingleImage|x64.Build.0 = Release|x64
		{3BA89359-A619-4C70-AA45-9FF6C3203855}.SingleImage|x86.ActiveCfg = Release|Any CPU
		{DAFD3D7B-4769-49AE-9A41-36A470CA4DED}.CD_ROM|Any CPU.ActiveCfg = Release|Any CPU
		{DAFD3D7B-4769-49AE-9A41-36A470CA4DED}.CD_ROM|Any CPU.Build.0 = Release|Any CPU
		{DAFD3D7B-4769-49AE-9A41-36A470CA4DED}.CD_ROM|Mixed Platforms.ActiveCfg = Release|Any CPU
		{DAFD3D7B-4769-49AE-9A41-36A470CA4DED}.CD_ROM|Mixed Platforms.Build.0 = Release|Any CPU
		{DAFD3D7B-4769-49AE-9A41-36A470CA4DED}.CD_ROM|Win32.ActiveCfg = Release|Any CPU
		{DAFD3D7B-4769-49AE-9A41-36A470CA4DED}.CD_ROM|x64.ActiveCfg = Release|x64
		{DAFD3D7B-4769-49AE-9A41-36A470CA4DED}.CD_ROM|x64.Build.0 = Release|x64
		{DAFD3D7B-4769-49AE-9A41-36A470CA4DED}.CD_ROM|x86.ActiveCfg = Release|Any CPU
		{DAFD3D7B-4769-49AE-9A41-36A470CA4DED}.Debug|Any CPU.ActiveCfg = Debug|Any CPU
		{DAFD3D7B-4769-49AE-9A41-36A470CA4DED}.Debug|Any CPU.Build.0 = Debug|Any CPU
		{DAFD3D7B-4769-49AE-9A41-36A470CA4DED}.Debug|Mixed Platforms.ActiveCfg = Debug|Any CPU
		{DAFD3D7B-4769-49AE-9A41-36A470CA4DED}.Debug|Mixed Platforms.Build.0 = Debug|Any CPU
		{DAFD3D7B-4769-49AE-9A41-36A470CA4DED}.Debug|Win32.ActiveCfg = Debug|Any CPU
		{DAFD3D7B-4769-49AE-9A41-36A470CA4DED}.Debug|x64.ActiveCfg = Debug|x64
		{DAFD3D7B-4769-49AE-9A41-36A470CA4DED}.Debug|x64.Build.0 = Debug|x64
		{DAFD3D7B-4769-49AE-9A41-36A470CA4DED}.Debug|x86.ActiveCfg = Debug|Any CPU
		{DAFD3D7B-4769-49AE-9A41-36A470CA4DED}.DVD-5|Any CPU.ActiveCfg = Debug|Any CPU
		{DAFD3D7B-4769-49AE-9A41-36A470CA4DED}.DVD-5|Any CPU.Build.0 = Debug|Any CPU
		{DAFD3D7B-4769-49AE-9A41-36A470CA4DED}.DVD-5|Mixed Platforms.ActiveCfg = Debug|Any CPU
		{DAFD3D7B-4769-49AE-9A41-36A470CA4DED}.DVD-5|Mixed Platforms.Build.0 = Debug|Any CPU
		{DAFD3D7B-4769-49AE-9A41-36A470CA4DED}.DVD-5|Win32.ActiveCfg = Debug|Any CPU
		{DAFD3D7B-4769-49AE-9A41-36A470CA4DED}.DVD-5|x64.ActiveCfg = Debug|x64
		{DAFD3D7B-4769-49AE-9A41-36A470CA4DED}.DVD-5|x64.Build.0 = Debug|x64
		{DAFD3D7B-4769-49AE-9A41-36A470CA4DED}.DVD-5|x86.ActiveCfg = Debug|Any CPU
		{DAFD3D7B-4769-49AE-9A41-36A470CA4DED}.Release|Any CPU.ActiveCfg = Release|Any CPU
		{DAFD3D7B-4769-49AE-9A41-36A470CA4DED}.Release|Any CPU.Build.0 = Release|Any CPU
		{DAFD3D7B-4769-49AE-9A41-36A470CA4DED}.Release|Mixed Platforms.ActiveCfg = Release|Any CPU
		{DAFD3D7B-4769-49AE-9A41-36A470CA4DED}.Release|Mixed Platforms.Build.0 = Release|Any CPU
		{DAFD3D7B-4769-49AE-9A41-36A470CA4DED}.Release|Win32.ActiveCfg = Release|Any CPU
		{DAFD3D7B-4769-49AE-9A41-36A470CA4DED}.Release|x64.ActiveCfg = Release|x64
		{DAFD3D7B-4769-49AE-9A41-36A470CA4DED}.Release|x64.Build.0 = Release|x64
		{DAFD3D7B-4769-49AE-9A41-36A470CA4DED}.Release|x86.ActiveCfg = Release|Any CPU
		{DAFD3D7B-4769-49AE-9A41-36A470CA4DED}.SingleImage|Any CPU.ActiveCfg = Release|Any CPU
		{DAFD3D7B-4769-49AE-9A41-36A470CA4DED}.SingleImage|Any CPU.Build.0 = Release|Any CPU
		{DAFD3D7B-4769-49AE-9A41-36A470CA4DED}.SingleImage|Mixed Platforms.ActiveCfg = Release|Any CPU
		{DAFD3D7B-4769-49AE-9A41-36A470CA4DED}.SingleImage|Mixed Platforms.Build.0 = Release|Any CPU
		{DAFD3D7B-4769-49AE-9A41-36A470CA4DED}.SingleImage|Win32.ActiveCfg = Release|Any CPU
		{DAFD3D7B-4769-49AE-9A41-36A470CA4DED}.SingleImage|x64.ActiveCfg = Release|x64
		{DAFD3D7B-4769-49AE-9A41-36A470CA4DED}.SingleImage|x64.Build.0 = Release|x64
		{DAFD3D7B-4769-49AE-9A41-36A470CA4DED}.SingleImage|x86.ActiveCfg = Release|Any CPU
		{01284442-3166-4FC7-99ED-E44D6EB21ABB}.CD_ROM|Any CPU.ActiveCfg = Release|Any CPU
		{01284442-3166-4FC7-99ED-E44D6EB21ABB}.CD_ROM|Any CPU.Build.0 = Release|Any CPU
		{01284442-3166-4FC7-99ED-E44D6EB21ABB}.CD_ROM|Mixed Platforms.ActiveCfg = Release|Any CPU
		{01284442-3166-4FC7-99ED-E44D6EB21ABB}.CD_ROM|Mixed Platforms.Build.0 = Release|Any CPU
		{01284442-3166-4FC7-99ED-E44D6EB21ABB}.CD_ROM|Win32.ActiveCfg = Release|Any CPU
		{01284442-3166-4FC7-99ED-E44D6EB21ABB}.CD_ROM|x64.ActiveCfg = Release|x64
		{01284442-3166-4FC7-99ED-E44D6EB21ABB}.CD_ROM|x64.Build.0 = Release|x64
		{01284442-3166-4FC7-99ED-E44D6EB21ABB}.CD_ROM|x86.ActiveCfg = Release|Any CPU
		{01284442-3166-4FC7-99ED-E44D6EB21ABB}.Debug|Any CPU.ActiveCfg = Debug|Any CPU
		{01284442-3166-4FC7-99ED-E44D6EB21ABB}.Debug|Any CPU.Build.0 = Debug|Any CPU
		{01284442-3166-4FC7-99ED-E44D6EB21ABB}.Debug|Mixed Platforms.ActiveCfg = Debug|Any CPU
		{01284442-3166-4FC7-99ED-E44D6EB21ABB}.Debug|Mixed Platforms.Build.0 = Debug|Any CPU
		{01284442-3166-4FC7-99ED-E44D6EB21ABB}.Debug|Win32.ActiveCfg = Debug|Any CPU
		{01284442-3166-4FC7-99ED-E44D6EB21ABB}.Debug|x64.ActiveCfg = Debug|x64
		{01284442-3166-4FC7-99ED-E44D6EB21ABB}.Debug|x64.Build.0 = Debug|x64
		{01284442-3166-4FC7-99ED-E44D6EB21ABB}.Debug|x86.ActiveCfg = Debug|Any CPU
		{01284442-3166-4FC7-99ED-E44D6EB21ABB}.DVD-5|Any CPU.ActiveCfg = Debug|Any CPU
		{01284442-3166-4FC7-99ED-E44D6EB21ABB}.DVD-5|Any CPU.Build.0 = Debug|Any CPU
		{01284442-3166-4FC7-99ED-E44D6EB21ABB}.DVD-5|Mixed Platforms.ActiveCfg = Debug|Any CPU
		{01284442-3166-4FC7-99ED-E44D6EB21ABB}.DVD-5|Mixed Platforms.Build.0 = Debug|Any CPU
		{01284442-3166-4FC7-99ED-E44D6EB21ABB}.DVD-5|Win32.ActiveCfg = Debug|Any CPU
		{01284442-3166-4FC7-99ED-E44D6EB21ABB}.DVD-5|x64.ActiveCfg = Debug|x64
		{01284442-3166-4FC7-99ED-E44D6EB21ABB}.DVD-5|x64.Build.0 = Debug|x64
		{01284442-3166-4FC7-99ED-E44D6EB21ABB}.DVD-5|x86.ActiveCfg = Debug|Any CPU
		{01284442-3166-4FC7-99ED-E44D6EB21ABB}.Release|Any CPU.ActiveCfg = Release|Any CPU
		{01284442-3166-4FC7-99ED-E44D6EB21ABB}.Release|Mixed Platforms.ActiveCfg = Release|Any CPU
		{01284442-3166-4FC7-99ED-E44D6EB21ABB}.Release|Win32.ActiveCfg = Release|Any CPU
		{01284442-3166-4FC7-99ED-E44D6EB21ABB}.Release|x64.ActiveCfg = Release|x64
		{01284442-3166-4FC7-99ED-E44D6EB21ABB}.Release|x86.ActiveCfg = Release|Any CPU
		{01284442-3166-4FC7-99ED-E44D6EB21ABB}.SingleImage|Any CPU.ActiveCfg = Release|Any CPU
		{01284442-3166-4FC7-99ED-E44D6EB21ABB}.SingleImage|Any CPU.Build.0 = Release|Any CPU
		{01284442-3166-4FC7-99ED-E44D6EB21ABB}.SingleImage|Mixed Platforms.ActiveCfg = Release|Any CPU
		{01284442-3166-4FC7-99ED-E44D6EB21ABB}.SingleImage|Win32.ActiveCfg = Release|Any CPU
		{01284442-3166-4FC7-99ED-E44D6EB21ABB}.SingleImage|x64.ActiveCfg = Release|x64
		{01284442-3166-4FC7-99ED-E44D6EB21ABB}.SingleImage|x64.Build.0 = Release|x64
		{01284442-3166-4FC7-99ED-E44D6EB21ABB}.SingleImage|x86.ActiveCfg = Release|Any CPU
		{38872A5F-E87E-4FAD-B109-8EB7B2E6A4A0}.CD_ROM|Any CPU.ActiveCfg = Release|x64
		{38872A5F-E87E-4FAD-B109-8EB7B2E6A4A0}.CD_ROM|Mixed Platforms.ActiveCfg = Release|x64
		{38872A5F-E87E-4FAD-B109-8EB7B2E6A4A0}.CD_ROM|Mixed Platforms.Build.0 = Release|x64
		{38872A5F-E87E-4FAD-B109-8EB7B2E6A4A0}.CD_ROM|Win32.ActiveCfg = Release|x64
		{38872A5F-E87E-4FAD-B109-8EB7B2E6A4A0}.CD_ROM|x64.ActiveCfg = Release|x64
		{38872A5F-E87E-4FAD-B109-8EB7B2E6A4A0}.CD_ROM|x64.Build.0 = Release|x64
		{38872A5F-E87E-4FAD-B109-8EB7B2E6A4A0}.CD_ROM|x86.ActiveCfg = Release|x64
		{38872A5F-E87E-4FAD-B109-8EB7B2E6A4A0}.Debug|Any CPU.ActiveCfg = Debug|Any CPU
		{38872A5F-E87E-4FAD-B109-8EB7B2E6A4A0}.Debug|Any CPU.Build.0 = Debug|Any CPU
		{38872A5F-E87E-4FAD-B109-8EB7B2E6A4A0}.Debug|Mixed Platforms.ActiveCfg = Debug|Any CPU
		{38872A5F-E87E-4FAD-B109-8EB7B2E6A4A0}.Debug|Mixed Platforms.Build.0 = Debug|Any CPU
		{38872A5F-E87E-4FAD-B109-8EB7B2E6A4A0}.Debug|Win32.ActiveCfg = Debug|x64
		{38872A5F-E87E-4FAD-B109-8EB7B2E6A4A0}.Debug|x64.ActiveCfg = Debug|x64
		{38872A5F-E87E-4FAD-B109-8EB7B2E6A4A0}.Debug|x64.Build.0 = Debug|x64
		{38872A5F-E87E-4FAD-B109-8EB7B2E6A4A0}.Debug|x86.ActiveCfg = Debug|x64
		{38872A5F-E87E-4FAD-B109-8EB7B2E6A4A0}.DVD-5|Any CPU.ActiveCfg = Debug|x64
		{38872A5F-E87E-4FAD-B109-8EB7B2E6A4A0}.DVD-5|Mixed Platforms.ActiveCfg = Debug|x64
		{38872A5F-E87E-4FAD-B109-8EB7B2E6A4A0}.DVD-5|Mixed Platforms.Build.0 = Debug|x64
		{38872A5F-E87E-4FAD-B109-8EB7B2E6A4A0}.DVD-5|Win32.ActiveCfg = Debug|x64
		{38872A5F-E87E-4FAD-B109-8EB7B2E6A4A0}.DVD-5|x64.ActiveCfg = Debug|x64
		{38872A5F-E87E-4FAD-B109-8EB7B2E6A4A0}.DVD-5|x64.Build.0 = Debug|x64
		{38872A5F-E87E-4FAD-B109-8EB7B2E6A4A0}.DVD-5|x86.ActiveCfg = Debug|x64
		{38872A5F-E87E-4FAD-B109-8EB7B2E6A4A0}.Release|Any CPU.ActiveCfg = Release|Any CPU
		{38872A5F-E87E-4FAD-B109-8EB7B2E6A4A0}.Release|Any CPU.Build.0 = Release|Any CPU
		{38872A5F-E87E-4FAD-B109-8EB7B2E6A4A0}.Release|Mixed Platforms.ActiveCfg = Release|x64
		{38872A5F-E87E-4FAD-B109-8EB7B2E6A4A0}.Release|Mixed Platforms.Build.0 = Release|x64
		{38872A5F-E87E-4FAD-B109-8EB7B2E6A4A0}.Release|Win32.ActiveCfg = Release|x64
		{38872A5F-E87E-4FAD-B109-8EB7B2E6A4A0}.Release|x64.ActiveCfg = Release|x64
		{38872A5F-E87E-4FAD-B109-8EB7B2E6A4A0}.Release|x64.Build.0 = Release|x64
		{38872A5F-E87E-4FAD-B109-8EB7B2E6A4A0}.Release|x86.ActiveCfg = Release|x64
		{38872A5F-E87E-4FAD-B109-8EB7B2E6A4A0}.SingleImage|Any CPU.ActiveCfg = Release|x64
		{38872A5F-E87E-4FAD-B109-8EB7B2E6A4A0}.SingleImage|Mixed Platforms.ActiveCfg = Release|x64
		{38872A5F-E87E-4FAD-B109-8EB7B2E6A4A0}.SingleImage|Mixed Platforms.Build.0 = Release|x64
		{38872A5F-E87E-4FAD-B109-8EB7B2E6A4A0}.SingleImage|Win32.ActiveCfg = Release|x64
		{38872A5F-E87E-4FAD-B109-8EB7B2E6A4A0}.SingleImage|x64.ActiveCfg = Release|x64
		{38872A5F-E87E-4FAD-B109-8EB7B2E6A4A0}.SingleImage|x64.Build.0 = Release|x64
		{38872A5F-E87E-4FAD-B109-8EB7B2E6A4A0}.SingleImage|x86.ActiveCfg = Release|x64
	EndGlobalSection
	GlobalSection(SolutionProperties) = preSolution
		HideSolutionNode = FALSE
	EndGlobalSection
	GlobalSection(ExtensibilityGlobals) = postSolution
		SolutionGuid = {28EFA373-FF7B-41D1-AAE6-EAE8233B2EBA}
	EndGlobalSection
	GlobalSection(TestCaseManagementSettings) = postSolution
		CategoryFile = OfflineSimpleCA.vsmdi
	EndGlobalSection
EndGlobal
