
Microsoft Visual Studio Solution File, Format Version 11.00
# Visual Studio 2010
Project("{8BC9CEB8-8B4A-11D0-8D11-00A0C91BC942}") = "OSCAresource", "OSCAresource.vcxproj", "{3A5BBB9B-5592-EBD8-1E26-925F8E0A4F2D}"
EndProject
Global
	GlobalSection(SolutionConfigurationPlatforms) = preSolution
		Debug|Win32 = Debug|Win32
		Release|Win32 = Release|Win32
	EndGlobalSection
	GlobalSection(ProjectConfigurationPlatforms) = postSolution
		{3A5BBB9B-5592-EBD8-1E26-925F8E0A4F2D}.Debug|Win32.ActiveCfg = Release|Win32
		{3A5BBB9B-5592-EBD8-1E26-925F8E0A4F2D}.Debug|Win32.Build.0 = Release|Win32
		{3A5BBB9B-5592-EBD8-1E26-925F8E0A4F2D}.Release|Win32.ActiveCfg = Release|Win32
		{3A5BBB9B-5592-EBD8-1E26-925F8E0A4F2D}.Release|Win32.Build.0 = Release|Win32
	EndGlobalSection
	GlobalSection(SolutionProperties) = preSolution
		HideSolutionNode = FALSE
	EndGlobalSection
EndGlobal
